// !$*UTF8*$!
{
	archiveVersion = 1;
	classes = {
	};
	objectVersion = 50;
	objects = {

/* Begin PBXBuildFile section */
		0353477F21A92D3600C3214E /* ImageRender.m in Sources */ = {isa = PBXBuildFile; fileRef = 0353477621A92D3600C3214E /* ImageRender.m */; };
		0353478021A92D3600C3214E /* ContextManager.m in Sources */ = {isa = PBXBuildFile; fileRef = 0353477721A92D3600C3214E /* ContextManager.m */; };
		0353478121A92D3600C3214E /* GLShaderProgram.m in Sources */ = {isa = PBXBuildFile; fileRef = 0353477821A92D3600C3214E /* GLShaderProgram.m */; };
		0353478221A92D3600C3214E /* GLImageView.m in Sources */ = {isa = PBXBuildFile; fileRef = 0353477921A92D3600C3214E /* GLImageView.m */; };
		0353478321A92D3600C3214E /* Framebuffer.m in Sources */ = {isa = PBXBuildFile; fileRef = 0353477C21A92D3600C3214E /* Framebuffer.m */; };
		97B1EAFE75E1E015A1452FB0 /* libPods-RenderImage.a in Frameworks */ = {isa = PBXBuildFile; fileRef = ADDB1BED9826147B72655C98 /* libPods-RenderImage.a */; };
		FBB0F9CD219D6AED0077B873 /* AppDelegate.m in Sources */ = {isa = PBXBuildFile; fileRef = FBB0F9CC219D6AED0077B873 /* AppDelegate.m */; };
		FBB0F9D0219D6AED0077B873 /* ViewController.m in Sources */ = {isa = PBXBuildFile; fileRef = FBB0F9CF219D6AED0077B873 /* ViewController.m */; };
		FBB0F9D3219D6AED0077B873 /* Main.storyboard in Resources */ = {isa = PBXBuildFile; fileRef = FBB0F9D1219D6AED0077B873 /* Main.storyboard */; };
		FBB0F9D5219D6AEF0077B873 /* Assets.xcassets in Resources */ = {isa = PBXBuildFile; fileRef = FBB0F9D4219D6AEF0077B873 /* Assets.xcassets */; };
		FBB0F9D8219D6AEF0077B873 /* LaunchScreen.storyboard in Resources */ = {isa = PBXBuildFile; fileRef = FBB0F9D6219D6AEF0077B873 /* LaunchScreen.storyboard */; };
		FBB0F9DB219D6AEF0077B873 /* main.m in Sources */ = {isa = PBXBuildFile; fileRef = FBB0F9DA219D6AEF0077B873 /* main.m */; };
		FBB0F9E3219D6C4D0077B873 /* GPUImageRenderController.m in Sources */ = {isa = PBXBuildFile; fileRef = FBB0F9E2219D6C4D0077B873 /* GPUImageRenderController.m */; };
		FBB0F9E6219D6C650077B873 /* GLRenderViewController.m in Sources */ = {isa = PBXBuildFile; fileRef = FBB0F9E5219D6C650077B873 /* GLRenderViewController.m */; };
		FBB0F9E8219D6F300077B873 /* concentric_circle_calibration_plate.jpg in Resources */ = {isa = PBXBuildFile; fileRef = FBB0F9E7219D6F300077B873 /* concentric_circle_calibration_plate.jpg */; };
/* End PBXBuildFile section */

/* Begin PBXFileReference section */
		0353477221A92D3600C3214E /* GLImageView.h */ = {isa = PBXFileReference; fileEncoding = 4; lastKnownFileType = sourcecode.c.h; path = GLImageView.h; sourceTree = "<group>"; };
		0353477321A92D3600C3214E /* GLShaderProgram.h */ = {isa = PBXFileReference; fileEncoding = 4; lastKnownFileType = sourcecode.c.h; path = GLShaderProgram.h; sourceTree = "<group>"; };
		0353477521A92D3600C3214E /* Framebuffer.h */ = {isa = PBXFileReference; fileEncoding = 4; lastKnownFileType = sourcecode.c.h; path = Framebuffer.h; sourceTree = "<group>"; };
		0353477621A92D3600C3214E /* ImageRender.m */ = {isa = PBXFileReference; fileEncoding = 4; lastKnownFileType = sourcecode.c.objc; path = ImageRender.m; sourceTree = "<group>"; };
		0353477721A92D3600C3214E /* ContextManager.m */ = {isa = PBXFileReference; fileEncoding = 4; lastKnownFileType = sourcecode.c.objc; path = ContextManager.m; sourceTree = "<group>"; };
		0353477821A92D3600C3214E /* GLShaderProgram.m */ = {isa = PBXFileReference; fileEncoding = 4; lastKnownFileType = sourcecode.c.objc; path = GLShaderProgram.m; sourceTree = "<group>"; };
		0353477921A92D3600C3214E /* GLImageView.m */ = {isa = PBXFileReference; fileEncoding = 4; lastKnownFileType = sourcecode.c.objc; path = GLImageView.m; sourceTree = "<group>"; };
		0353477B21A92D3600C3214E /* ContextManager.h */ = {isa = PBXFileReference; fileEncoding = 4; lastKnownFileType = sourcecode.c.h; path = ContextManager.h; sourceTree = "<group>"; };
		0353477C21A92D3600C3214E /* Framebuffer.m */ = {isa = PBXFileReference; fileEncoding = 4; lastKnownFileType = sourcecode.c.objc; path = Framebuffer.m; sourceTree = "<group>"; };
		0353477D21A92D3600C3214E /* ImageRender.h */ = {isa = PBXFileReference; fileEncoding = 4; lastKnownFileType = sourcecode.c.h; path = ImageRender.h; sourceTree = "<group>"; };
		1C32482B738E4E4F05638C25 /* Pods-RenderImage.release.xcconfig */ = {isa = PBXFileReference; includeInIndex = 1; lastKnownFileType = text.xcconfig; name = "Pods-RenderImage.release.xcconfig"; path = "Pods/Target Support Files/Pods-RenderImage/Pods-RenderImage.release.xcconfig"; sourceTree = "<group>"; };
		4E1BA9B83D78E74AC5BE56D8 /* Pods-RenderImage.debug.xcconfig */ = {isa = PBXFileReference; includeInIndex = 1; lastKnownFileType = text.xcconfig; name = "Pods-RenderImage.debug.xcconfig"; path = "Pods/Target Support Files/Pods-RenderImage/Pods-RenderImage.debug.xcconfig"; sourceTree = "<group>"; };
		ADDB1BED9826147B72655C98 /* libPods-RenderImage.a */ = {isa = PBXFileReference; explicitFileType = archive.ar; includeInIndex = 0; path = "libPods-RenderImage.a"; sourceTree = BUILT_PRODUCTS_DIR; };
		FBB0F9C8219D6AED0077B873 /* RenderImage.app */ = {isa = PBXFileReference; explicitFileType = wrapper.application; includeInIndex = 0; path = RenderImage.app; sourceTree = BUILT_PRODUCTS_DIR; };
		FBB0F9CB219D6AED0077B873 /* AppDelegate.h */ = {isa = PBXFileReference; lastKnownFileType = sourcecode.c.h; path = AppDelegate.h; sourceTree = "<group>"; };
		FBB0F9CC219D6AED0077B873 /* AppDelegate.m */ = {isa = PBXFileReference; lastKnownFileType = sourcecode.c.objc; path = AppDelegate.m; sourceTree = "<group>"; };
		FBB0F9CE219D6AED0077B873 /* ViewController.h */ = {isa = PBXFileReference; lastKnownFileType = sourcecode.c.h; path = ViewController.h; sourceTree = "<group>"; };
		FBB0F9CF219D6AED0077B873 /* ViewController.m */ = {isa = PBXFileReference; lastKnownFileType = sourcecode.c.objc; path = ViewController.m; sourceTree = "<group>"; };
		FBB0F9D2219D6AED0077B873 /* Base */ = {isa = PBXFileReference; lastKnownFileType = file.storyboard; name = Base; path = Base.lproj/Main.storyboard; sourceTree = "<group>"; };
		FBB0F9D4219D6AEF0077B873 /* Assets.xcassets */ = {isa = PBXFileReference; lastKnownFileType = folder.assetcatalog; path = Assets.xcassets; sourceTree = "<group>"; };
		FBB0F9D7219D6AEF0077B873 /* Base */ = {isa = PBXFileReference; lastKnownFileType = file.storyboard; name = Base; path = Base.lproj/LaunchScreen.storyboard; sourceTree = "<group>"; };
		FBB0F9D9219D6AEF0077B873 /* Info.plist */ = {isa = PBXFileReference; lastKnownFileType = text.plist.xml; path = Info.plist; sourceTree = "<group>"; };
		FBB0F9DA219D6AEF0077B873 /* main.m */ = {isa = PBXFileReference; lastKnownFileType = sourcecode.c.objc; path = main.m; sourceTree = "<group>"; };
		FBB0F9E1219D6C4D0077B873 /* GPUImageRenderController.h */ = {isa = PBXFileReference; lastKnownFileType = sourcecode.c.h; path = GPUImageRenderController.h; sourceTree = "<group>"; };
		FBB0F9E2219D6C4D0077B873 /* GPUImageRenderController.m */ = {isa = PBXFileReference; lastKnownFileType = sourcecode.c.objc; path = GPUImageRenderController.m; sourceTree = "<group>"; };
		FBB0F9E4219D6C650077B873 /* GLRenderViewController.h */ = {isa = PBXFileReference; lastKnownFileType = sourcecode.c.h; path = GLRenderViewController.h; sourceTree = "<group>"; };
		FBB0F9E5219D6C650077B873 /* GLRenderViewController.m */ = {isa = PBXFileReference; lastKnownFileType = sourcecode.c.objc; path = GLRenderViewController.m; sourceTree = "<group>"; };
		FBB0F9E7219D6F300077B873 /* concentric_circle_calibration_plate.jpg */ = {isa = PBXFileReference; lastKnownFileType = image.jpeg; name = concentric_circle_calibration_plate.jpg; path = ../../CommonResources/concentric_circle_calibration_plate.jpg; sourceTree = "<group>"; };
/* End PBXFileReference section */

/* Begin PBXFrameworksBuildPhase section */
		FBB0F9C5219D6AED0077B873 /* Frameworks */ = {
			isa = PBXFrameworksBuildPhase;
			buildActionMask = 2147483647;
			files = (
				97B1EAFE75E1E015A1452FB0 /* libPods-RenderImage.a in Frameworks */,
			);
			runOnlyForDeploymentPostprocessing = 0;
		};
/* End PBXFrameworksBuildPhase section */

/* Begin PBXGroup section */
		0353477121A92D3600C3214E /* CustomGLRender */ = {
			isa = PBXGroup;
			children = (
				0353477B21A92D3600C3214E /* ContextManager.h */,
				0353477721A92D3600C3214E /* ContextManager.m */,
				0353477521A92D3600C3214E /* Framebuffer.h */,
				0353477C21A92D3600C3214E /* Framebuffer.m */,
				0353477221A92D3600C3214E /* GLImageView.h */,
				0353477921A92D3600C3214E /* GLImageView.m */,
				0353477321A92D3600C3214E /* GLShaderProgram.h */,
				0353477821A92D3600C3214E /* GLShaderProgram.m */,
				0353477D21A92D3600C3214E /* ImageRender.h */,
				0353477621A92D3600C3214E /* ImageRender.m */,
			);
			path = CustomGLRender;
			sourceTree = "<group>";
		};
		347A57D9DBCF1F6AEE74AF94 /* Frameworks */ = {
			isa = PBXGroup;
			children = (
				ADDB1BED9826147B72655C98 /* libPods-RenderImage.a */,
			);
			name = Frameworks;
			sourceTree = "<group>";
		};
		9BBA1EB5429E4E79D3A9A2AB /* Pods */ = {
			isa = PBXGroup;
			children = (
				4E1BA9B83D78E74AC5BE56D8 /* Pods-RenderImage.debug.xcconfig */,
				1C32482B738E4E4F05638C25 /* Pods-RenderImage.release.xcconfig */,
			);
			name = Pods;
			sourceTree = "<group>";
		};
		FBB0F9BF219D6AED0077B873 = {
			isa = PBXGroup;
			children = (
				FBB0F9CA219D6AED0077B873 /* RenderImage */,
				FBB0F9C9219D6AED0077B873 /* Products */,
				9BBA1EB5429E4E79D3A9A2AB /* Pods */,
				347A57D9DBCF1F6AEE74AF94 /* Frameworks */,
			);
			sourceTree = "<group>";
		};
		FBB0F9C9219D6AED0077B873 /* Products */ = {
			isa = PBXGroup;
			children = (
				FBB0F9C8219D6AED0077B873 /* RenderImage.app */,
			);
			name = Products;
			sourceTree = "<group>";
		};
		FBB0F9CA219D6AED0077B873 /* RenderImage */ = {
			isa = PBXGroup;
			children = (
				0353477121A92D3600C3214E /* CustomGLRender */,
				FBB0F9E7219D6F300077B873 /* concentric_circle_calibration_plate.jpg */,
				FBB0F9CB219D6AED0077B873 /* AppDelegate.h */,
				FBB0F9CC219D6AED0077B873 /* AppDelegate.m */,
				FBB0F9CE219D6AED0077B873 /* ViewController.h */,
				FBB0F9CF219D6AED0077B873 /* ViewController.m */,
				FBB0F9E1219D6C4D0077B873 /* GPUImageRenderController.h */,
				FBB0F9E2219D6C4D0077B873 /* GPUImageRenderController.m */,
				FBB0F9E4219D6C650077B873 /* GLRenderViewController.h */,
				FBB0F9E5219D6C650077B873 /* GLRenderViewController.m */,
				FBB0F9D1219D6AED0077B873 /* Main.storyboard */,
				FBB0F9D4219D6AEF0077B873 /* Assets.xcassets */,
				FBB0F9D6219D6AEF0077B873 /* LaunchScreen.storyboard */,
				FBB0F9D9219D6AEF0077B873 /* Info.plist */,
				FBB0F9DA219D6AEF0077B873 /* main.m */,
			);
			path = RenderImage;
			sourceTree = "<group>";
		};
/* End PBXGroup section */

/* Begin PBXNativeTarget section */
		FBB0F9C7219D6AED0077B873 /* RenderImage */ = {
			isa = PBXNativeTarget;
			buildConfigurationList = FBB0F9DE219D6AEF0077B873 /* Build configuration list for PBXNativeTarget "RenderImage" */;
			buildPhases = (
				F0CDC5666BAAF96731090F4D /* [CP] Check Pods Manifest.lock */,
				FBB0F9C4219D6AED0077B873 /* Sources */,
				FBB0F9C5219D6AED0077B873 /* Frameworks */,
				FBB0F9C6219D6AED0077B873 /* Resources */,
				404143869033F60D66B9E367 /* [CP] Copy Pods Resources */,
			);
			buildRules = (
			);
			dependencies = (
			);
			name = RenderImage;
			productName = RenderImage;
			productReference = FBB0F9C8219D6AED0077B873 /* RenderImage.app */;
			productType = "com.apple.product-type.application";
		};
/* End PBXNativeTarget section */

/* Begin PBXProject section */
		FBB0F9C0219D6AED0077B873 /* Project object */ = {
			isa = PBXProject;
			attributes = {
				LastUpgradeCheck = 0940;
				ORGANIZATIONNAME = Bq;
				TargetAttributes = {
					FBB0F9C7219D6AED0077B873 = {
						CreatedOnToolsVersion = 9.4.1;
					};
				};
			};
			buildConfigurationList = FBB0F9C3219D6AED0077B873 /* Build configuration list for PBXProject "RenderImage" */;
			compatibilityVersion = "Xcode 9.3";
			developmentRegion = en;
			hasScannedForEncodings = 0;
			knownRegions = (
				en,
				Base,
			);
			mainGroup = FBB0F9BF219D6AED0077B873;
			productRefGroup = FBB0F9C9219D6AED0077B873 /* Products */;
			projectDirPath = "";
			projectRoot = "";
			targets = (
				FBB0F9C7219D6AED0077B873 /* RenderImage */,
			);
		};
/* End PBXProject section */

/* Begin PBXResourcesBuildPhase section */
		FBB0F9C6219D6AED0077B873 /* Resources */ = {
			isa = PBXResourcesBuildPhase;
			buildActionMask = 2147483647;
			files = (
				FBB0F9D8219D6AEF0077B873 /* LaunchScreen.storyboard in Resources */,
				FBB0F9D5219D6AEF0077B873 /* Assets.xcassets in Resources */,
				FBB0F9D3219D6AED0077B873 /* Main.storyboard in Resources */,
				FBB0F9E8219D6F300077B873 /* concentric_circle_calibration_plate.jpg in Resources */,
			);
			runOnlyForDeploymentPostprocessing = 0;
		};
/* End PBXResourcesBuildPhase section */

/* Begin PBXShellScriptBuildPhase section */
		404143869033F60D66B9E367 /* [CP] Copy Pods Resources */ = {
			isa = PBXShellScriptBuildPhase;
			buildActionMask = 2147483647;
			files = (
			);
			inputPaths = (
				"${SRCROOT}/Pods/Target Support Files/Pods-RenderImage/Pods-RenderImage-resources.sh",
				"${PODS_ROOT}/../../../GPUImage-doc/framework/Resources/lookup.png",
				"${PODS_ROOT}/../../../GPUImage-doc/framework/Resources/lookup_amatorka.png",
				"${PODS_ROOT}/../../../GPUImage-doc/framework/Resources/lookup_miss_etikate.png",
				"${PODS_ROOT}/../../../GPUImage-doc/framework/Resources/lookup_soft_elegance_1.png",
				"${PODS_ROOT}/../../../GPUImage-doc/framework/Resources/lookup_soft_elegance_2.png",
			);
			name = "[CP] Copy Pods Resources";
			outputPaths = (
				"${TARGET_BUILD_DIR}/${UNLOCALIZED_RESOURCES_FOLDER_PATH}/lookup.png",
				"${TARGET_BUILD_DIR}/${UNLOCALIZED_RESOURCES_FOLDER_PATH}/lookup_amatorka.png",
				"${TARGET_BUILD_DIR}/${UNLOCALIZED_RESOURCES_FOLDER_PATH}/lookup_miss_etikate.png",
				"${TARGET_BUILD_DIR}/${UNLOCALIZED_RESOURCES_FOLDER_PATH}/lookup_soft_elegance_1.png",
				"${TARGET_BUILD_DIR}/${UNLOCALIZED_RESOURCES_FOLDER_PATH}/lookup_soft_elegance_2.png",
			);
			runOnlyForDeploymentPostprocessing = 0;
			shellPath = /bin/sh;
			shellScript = "\"${SRCROOT}/Pods/Target Support Files/Pods-RenderImage/Pods-RenderImage-resources.sh\"\n";
			showEnvVarsInLog = 0;
		};
		F0CDC5666BAAF96731090F4D /* [CP] Check Pods Manifest.lock */ = {
			isa = PBXShellScriptBuildPhase;
			buildActionMask = 2147483647;
			files = (
			);
			inputPaths = (
				"${PODS_PODFILE_DIR_PATH}/Podfile.lock",
				"${PODS_ROOT}/Manifest.lock",
			);
			name = "[CP] Check Pods Manifest.lock";
			outputPaths = (
				"$(DERIVED_FILE_DIR)/Pods-RenderImage-checkManifestLockResult.txt",
			);
			runOnlyForDeploymentPostprocessing = 0;
			shellPath = /bin/sh;
			shellScript = "diff \"${PODS_PODFILE_DIR_PATH}/Podfile.lock\" \"${PODS_ROOT}/Manifest.lock\" > /dev/null\nif [ $? != 0 ] ; then\n    # print error to STDERR\n    echo \"error: The sandbox is not in sync with the Podfile.lock. Run 'pod install' or update your CocoaPods installation.\" >&2\n    exit 1\nfi\n# This output is used by Xcode 'outputs' to avoid re-running this script phase.\necho \"SUCCESS\" > \"${SCRIPT_OUTPUT_FILE_0}\"\n";
			showEnvVarsInLog = 0;
		};
/* End PBXShellScriptBuildPhase section */

/* Begin PBXSourcesBuildPhase section */
		FBB0F9C4219D6AED0077B873 /* Sources */ = {
			isa = PBXSourcesBuildPhase;
			buildActionMask = 2147483647;
			files = (
				FBB0F9E3219D6C4D0077B873 /* GPUImageRenderController.m in Sources */,
				0353478221A92D3600C3214E /* GLImageView.m in Sources */,
				FBB0F9D0219D6AED0077B873 /* ViewController.m in Sources */,
				0353478021A92D3600C3214E /* ContextManager.m in Sources */,
				0353478321A92D3600C3214E /* Framebuffer.m in Sources */,
				FBB0F9DB219D6AEF0077B873 /* main.m in Sources */,
				FBB0F9E6219D6C650077B873 /* GLRenderViewController.m in Sources */,
				0353478121A92D3600C3214E /* GLShaderProgram.m in Sources */,
				FBB0F9CD219D6AED0077B873 /* AppDelegate.m in Sources */,
				0353477F21A92D3600C3214E /* ImageRender.m in Sources */,
			);
			runOnlyForDeploymentPostprocessing = 0;
		};
/* End PBXSourcesBuildPhase section */

/* Begin PBXVariantGroup section */
		FBB0F9D1219D6AED0077B873 /* Main.storyboard */ = {
			isa = PBXVariantGroup;
			children = (
				FBB0F9D2219D6AED0077B873 /* Base */,
			);
			name = Main.storyboard;
			sourceTree = "<group>";
		};
		FBB0F9D6219D6AEF0077B873 /* LaunchScreen.storyboard */ = {
			isa = PBXVariantGroup;
			children = (
				FBB0F9D7219D6AEF0077B873 /* Base */,
			);
			name = LaunchScreen.storyboard;
			sourceTree = "<group>";
		};
/* End PBXVariantGroup section */

/* Begin XCBuildConfiguration section */
		FBB0F9DC219D6AEF0077B873 /* Debug */ = {
			isa = XCBuildConfiguration;
			buildSettings = {
				ALWAYS_SEARCH_USER_PATHS = NO;
				CLANG_ANALYZER_NONNULL = YES;
				CLANG_ANALYZER_NUMBER_OBJECT_CONVERSION = YES_AGGRESSIVE;
				CLANG_CXX_LANGUAGE_STANDARD = "gnu++14";
				CLANG_CXX_LIBRARY = "libc++";
				CLANG_ENABLE_MODULES = YES;
				CLANG_ENABLE_OBJC_ARC = YES;
				CLANG_ENABLE_OBJC_WEAK = YES;
				CLANG_WARN_BLOCK_CAPTURE_AUTORELEASING = YES;
				CLANG_WARN_BOOL_CONVERSION = YES;
				CLANG_WARN_COMMA = YES;
				CLANG_WARN_CONSTANT_CONVERSION = YES;
				CLANG_WARN_DEPRECATED_OBJC_IMPLEMENTATIONS = YES;
				CLANG_WARN_DIRECT_OBJC_ISA_USAGE = YES_ERROR;
				CLANG_WARN_DOCUMENTATION_COMMENTS = YES;
				CLANG_WARN_EMPTY_BODY = YES;
				CLANG_WARN_ENUM_CONVERSION = YES;
				CLANG_WARN_INFINITE_RECURSION = YES;
				CLANG_WARN_INT_CONVERSION = YES;
				CLANG_WARN_NON_LITERAL_NULL_CONVERSION = YES;
				CLANG_WARN_OBJC_IMPLICIT_RETAIN_SELF = YES;
				CLANG_WARN_OBJC_LITERAL_CONVERSION = YES;
				CLANG_WARN_OBJC_ROOT_CLASS = YES_ERROR;
				CLANG_WARN_RANGE_LOOP_ANALYSIS = YES;
				CLANG_WARN_STRICT_PROTOTYPES = YES;
				CLANG_WARN_SUSPICIOUS_MOVE = YES;
				CLANG_WARN_UNGUARDED_AVAILABILITY = YES_AGGRESSIVE;
				CLANG_WARN_UNREACHABLE_CODE = YES;
				CLANG_WARN__DUPLICATE_METHOD_MATCH = YES;
				CODE_SIGN_IDENTITY = "iPhone Developer";
				COPY_PHASE_STRIP = NO;
				DEBUG_INFORMATION_FORMAT = dwarf;
				ENABLE_STRICT_OBJC_MSGSEND = YES;
				ENABLE_TESTABILITY = YES;
				GCC_C_LANGUAGE_STANDARD = gnu11;
				GCC_DYNAMIC_NO_PIC = NO;
				GCC_NO_COMMON_BLOCKS = YES;
				GCC_OPTIMIZATION_LEVEL = 0;
				GCC_PREPROCESSOR_DEFINITIONS = (
					"DEBUG=1",
					"$(inherited)",
				);
				GCC_WARN_64_TO_32_BIT_CONVERSION = YES;
				GCC_WARN_ABOUT_RETURN_TYPE = YES_ERROR;
				GCC_WARN_UNDECLARED_SELECTOR = YES;
				GCC_WARN_UNINITIALIZED_AUTOS = YES_AGGRESSIVE;
				GCC_WARN_UNUSED_FUNCTION = YES;
				GCC_WARN_UNUSED_VARIABLE = YES;
				IPHONEOS_DEPLOYMENT_TARGET = 11.4;
				MTL_ENABLE_DEBUG_INFO = YES;
				ONLY_ACTIVE_ARCH = YES;
				SDKROOT = iphoneos;
			};
			name = Debug;
		};
		FBB0F9DD219D6AEF0077B873 /* Release */ = {
			isa = XCBuildConfiguration;
			buildSettings = {
				ALWAYS_SEARCH_USER_PATHS = NO;
				CLANG_ANALYZER_NONNULL = YES;
				CLANG_ANALYZER_NUMBER_OBJECT_CONVERSION = YES_AGGRESSIVE;
				CLANG_CXX_LANGUAGE_STANDARD = "gnu++14";
				CLANG_CXX_LIBRARY = "libc++";
				CLANG_ENABLE_MODULES = YES;
				CLANG_ENABLE_OBJC_ARC = YES;
				CLANG_ENABLE_OBJC_WEAK = YES;
				CLANG_WARN_BLOCK_CAPTURE_AUTORELEASING = YES;
				CLANG_WARN_BOOL_CONVERSION = YES;
				CLANG_WARN_COMMA = YES;
				CLANG_WARN_CONSTANT_CONVERSION = YES;
				CLANG_WARN_DEPRECATED_OBJC_IMPLEMENTATIONS = YES;
				CLANG_WARN_DIRECT_OBJC_ISA_USAGE = YES_ERROR;
				CLANG_WARN_DOCUMENTATION_COMMENTS = YES;
				CLANG_WARN_EMPTY_BODY = YES;
				CLANG_WARN_ENUM_CONVERSION = YES;
				CLANG_WARN_INFINITE_RECURSION = YES;
				CLANG_WARN_INT_CONVERSION = YES;
				CLANG_WARN_NON_LITERAL_NULL_CONVERSION = YES;
				CLANG_WARN_OBJC_IMPLICIT_RETAIN_SELF = YES;
				CLANG_WARN_OBJC_LITERAL_CONVERSION = YES;
				CLANG_WARN_OBJC_ROOT_CLASS = YES_ERROR;
				CLANG_WARN_RANGE_LOOP_ANALYSIS = YES;
				CLANG_WARN_STRICT_PROTOTYPES = YES;
				CLANG_WARN_SUSPICIOUS_MOVE = YES;
				CLANG_WARN_UNGUARDED_AVAILABILITY = YES_AGGRESSIVE;
				CLANG_WARN_UNREACHABLE_CODE = YES;
				CLANG_WARN__DUPLICATE_METHOD_MATCH = YES;
				CODE_SIGN_IDENTITY = "iPhone Developer";
				COPY_PHASE_STRIP = NO;
				DEBUG_INFORMATION_FORMAT = "dwarf-with-dsym";
				ENABLE_NS_ASSERTIONS = NO;
				ENABLE_STRICT_OBJC_MSGSEND = YES;
				GCC_C_LANGUAGE_STANDARD = gnu11;
				GCC_NO_COMMON_BLOCKS = YES;
				GCC_WARN_64_TO_32_BIT_CONVERSION = YES;
				GCC_WARN_ABOUT_RETURN_TYPE = YES_ERROR;
				GCC_WARN_UNDECLARED_SELECTOR = YES;
				GCC_WARN_UNINITIALIZED_AUTOS = YES_AGGRESSIVE;
				GCC_WARN_UNUSED_FUNCTION = YES;
				GCC_WARN_UNUSED_VARIABLE = YES;
				IPHONEOS_DEPLOYMENT_TARGET = 11.4;
				MTL_ENABLE_DEBUG_INFO = NO;
				SDKROOT = iphoneos;
				VALIDATE_PRODUCT = YES;
			};
			name = Release;
		};
		FBB0F9DF219D6AEF0077B873 /* Debug */ = {
			isa = XCBuildConfiguration;
			baseConfigurationReference = 4E1BA9B83D78E74AC5BE56D8 /* Pods-RenderImage.debug.xcconfig */;
			buildSettings = {
				ASSETCATALOG_COMPILER_APPICON_NAME = AppIcon;
				CODE_SIGN_STYLE = Automatic;
				DEVELOPMENT_TEAM = 9U2KRZU6GT;
				INFOPLIST_FILE = RenderImage/Info.plist;
				IPHONEOS_DEPLOYMENT_TARGET = 9.0;
				LD_RUNPATH_SEARCH_PATHS = (
					"$(inherited)",
					"@executable_path/Frameworks",
				);
				PRODUCT_BUNDLE_IDENTIFIER = bq.RenderImage;
				PRODUCT_NAME = "$(TARGET_NAME)";
				TARGETED_DEVICE_FAMILY = "1,2";
			};
			name = Debug;
		};
		FBB0F9E0219D6AEF0077B873 /* Release */ = {
			isa = XCBuildConfiguration;
			baseConfigurationReference = 1C32482B738E4E4F05638C25 /* Pods-RenderImage.release.xcconfig */;
			buildSettings = {
				ASSETCATALOG_COMPILER_APPICON_NAME = AppIcon;
				CODE_SIGN_STYLE = Automatic;
				DEVELOPMENT_TEAM = 9U2KRZU6GT;
				INFOPLIST_FILE = RenderImage/Info.plist;
				IPHONEOS_DEPLOYMENT_TARGET = 9.0;
				LD_RUNPATH_SEARCH_PATHS = (
					"$(inherited)",
					"@executable_path/Frameworks",
				);
				PRODUCT_BUNDLE_IDENTIFIER = bq.RenderImage;
				PRODUCT_NAME = "$(TARGET_NAME)";
				TARGETED_DEVICE_FAMILY = "1,2";
			};
			name = Release;
		};
/* End XCBuildConfiguration section */

/* Begin XCConfigurationList section */
		FBB0F9C3219D6AED0077B873 /* Build configuration list for PBXProject "RenderImage" */ = {
			isa = XCConfigurationList;
			buildConfigurations = (
				FBB0F9DC219D6AEF0077B873 /* Debug */,
				FBB0F9DD219D6AEF0077B873 /* Release */,
			);
			defaultConfigurationIsVisible = 0;
			defaultConfigurationName = Release;
		};
		FBB0F9DE219D6AEF0077B873 /* Build configuration list for PBXNativeTarget "RenderImage" */ = {
			isa = XCConfigurationList;
			buildConfigurations = (
				FBB0F9DF219D6AEF0077B873 /* Debug */,
				FBB0F9E0219D6AEF0077B873 /* Release */,
			);
			defaultConfigurationIsVisible = 0;
			defaultConfigurationName = Release;
		};
/* End XCConfigurationList section */
	};
	rootObject = FBB0F9C0219D6AED0077B873 /* Project object */;
}
